
Microsoft Visual Studio Solution File, Format Version 12.00
# Visual Studio 14
VisualStudioVersion = 14.0.23107.0
MinimumVisualStudioVersion = 10.0.40219.1
Project("{FAE04EC0-301F-11D3-BF4B-00C04F79EFBC}") = "MyNotification", "MyNotification\MyNotification.csproj", "{EAB3F049-77EF-411A-8534-EC41A6205C1A}"
EndProject
Global
	GlobalSection(SolutionConfigurationPlatforms) = preSolution
		Debug|Any CPU = Debug|Any CPU
		Release|Any CPU = Release|Any CPU
	EndGlobalSection
	GlobalSection(ProjectConfigurationPlatforms) = postSolution
		{EAB3F049-77EF-411A-8534-EC41A6205C1A}.Debug|Any CPU.ActiveCfg = Debug|Any CPU
		{EAB3F049-77EF-411A-8534-EC41A6205C1A}.Debug|Any CPU.Build.0 = Debug|Any CPU
		{EAB3F049-77EF-411A-8534-EC41A6205C1A}.Release|Any CPU.ActiveCfg = Release|Any CPU
		{EAB3F049-77EF-411A-8534-EC41A6205C1A}.Release|Any CPU.Build.0 = Release|Any CPU
	EndGlobalSection
	GlobalSection(SolutionProperties) = preSolution
		HideSolutionNode = FALSE
	EndGlobalSection
EndGlobal
